version = 1
revision = 3
requires-python = ">=3.13"

[[package]]
name = "log-pre"
version = "0.1.0"
source = { virtual = "." }
dependencies = [
    { name = "scapy" },
]

[package.metadata]
requires-dist = [{ name = "scapy", specifier = ">=2.7.0" }]

[[package]]
name = "scapy"
version = "2.7.0"
source = { registry = "https://pypi.org/simple" }
sdist = { url = "https://files.pythonhosted.org/packages/82/97/7caec64f05eae3d305d83e7cce1ef2f337710513b89efb334f7278202e79/scapy-2.7.0.tar.gz", hash = "sha256:bfc1ef1b93280aea1ddee53be7f74232aa28ac3d891244d41ee85200d24aa446", size = 2412897, upload-time = "2025-12-26T22:10:53.359Z" }
wheels = [
    { url = "https://files.pythonhosted.org/packages/f0/6f/bd32e5e8adc391063858da17271bb444e4b009842cffa593bca8b2b78af7/scapy-2.7.0-py3-none-any.whl", hash = "sha256:eb22786da92be6fd8e5c694ae5595e4f5b9ac1f4364c9c45986844f3e3063561", size = 2590982, upload-time = "2025-12-26T22:07:48.941Z" },
]
